{
  "version": 4,
  "terraform_version": "1.0.8",
  "serial": 20,
  "lineage": "c00efaa2-1b80-3fea-f7fb-bf931f2dd965",
  "outputs": {},
  "resources": [
    {
      "mode": "managed",
      "type": "aws_vpc",
      "name": "main",
      "provider": "provider[\"registry.terraform.io/hashicorp/aws\"]",
      "instances": [
        {
          "schema_version": 1,
          "attributes": {
            "arn": "arn:aws:ec2:us-east-1:261891914465:vpc/vpc-01db35519d3737c31",
            "assign_generated_ipv6_cidr_block": false,
            "cidr_block": "10.0.0.0/16",
            "default_network_acl_id": "acl-02d2dcec6e72b2ec0",
            "default_route_table_id": "rtb-01a5e11c1b3bfa393",
            "default_security_group_id": "sg-03282cd117f2dcab2",
            "dhcp_options_id": "dopt-c7617ebc",
            "enable_classiclink": false,
            "enable_classiclink_dns_support": false,
            "enable_dns_hostnames": false,
            "enable_dns_support": true,
            "id": "vpc-01db35519d3737c31",
            "instance_tenancy": "default",
            "ipv6_association_id": "",
            "ipv6_cidr_block": "",
            "main_route_table_id": "rtb-01a5e11c1b3bfa393",
            "owner_id": "261891914465",
            "tags": {},
            "tags_all": {}
          },
          "sensitive_attributes": [],
          "private": "eyJzY2hlbWFfdmVyc2lvbiI6IjEifQ=="
        }
      ]
    }
  ]
}
